// !$*UTF8*$!
{
	archiveVersion = 1;
	classes = {
	};
	objectVersion = 46;
	objects = {

/* Begin PBXBuildFile section */
		FABF8B5F15EFF4DC0081D3C7 /* UIKit.framework in Frameworks */ = {isa = PBXBuildFile; fileRef = FABF8B5E15EFF4DC0081D3C7 /* UIKit.framework */; };
		FABF8B6115EFF4DC0081D3C7 /* Foundation.framework in Frameworks */ = {isa = PBXBuildFile; fileRef = FABF8B6015EFF4DC0081D3C7 /* Foundation.framework */; };
		FABF8B6315EFF4DC0081D3C7 /* CoreGraphics.framework in Frameworks */ = {isa = PBXBuildFile; fileRef = FABF8B6215EFF4DC0081D3C7 /* CoreGraphics.framework */; };
		FABF8B6915EFF4DC0081D3C7 /* InfoPlist.strings in Resources */ = {isa = PBXBuildFile; fileRef = FABF8B6715EFF4DC0081D3C7 /* InfoPlist.strings */; };
		FABF8B6B15EFF4DC0081D3C7 /* main.m in Sources */ = {isa = PBXBuildFile; fileRef = FABF8B6A15EFF4DC0081D3C7 /* main.m */; };
		FABF8B6F15EFF4DC0081D3C7 /* AppDelegate.m in Sources */ = {isa = PBXBuildFile; fileRef = FABF8B6E15EFF4DC0081D3C7 /* AppDelegate.m */; };
		FABF8B7215EFF4DC0081D3C7 /* MainStoryboard_iPhone.storyboard in Resources */ = {isa = PBXBuildFile; fileRef = FABF8B7015EFF4DC0081D3C7 /* MainStoryboard_iPhone.storyboard */; };
		FABF8B7515EFF4DC0081D3C7 /* MainStoryboard_iPad.storyboard in Resources */ = {isa = PBXBuildFile; fileRef = FABF8B7315EFF4DC0081D3C7 /* MainStoryboard_iPad.storyboard */; };
		FABF8B7815EFF4DC0081D3C7 /* ViewController.m in Sources */ = {isa = PBXBuildFile; fileRef = FABF8B7715EFF4DC0081D3C7 /* ViewController.m */; };
		FABF8B8515EFF5090081D3C7 /* SenTestingKit.framework in Frameworks */ = {isa = PBXBuildFile; fileRef = FABF8B8415EFF5090081D3C7 /* SenTestingKit.framework */; };
		FABF8B8615EFF5090081D3C7 /* UIKit.framework in Frameworks */ = {isa = PBXBuildFile; fileRef = FABF8B5E15EFF4DC0081D3C7 /* UIKit.framework */; };
		FABF8B8715EFF5090081D3C7 /* Foundation.framework in Frameworks */ = {isa = PBXBuildFile; fileRef = FABF8B6015EFF4DC0081D3C7 /* Foundation.framework */; };
		FABF8B8D15EFF5090081D3C7 /* InfoPlist.strings in Resources */ = {isa = PBXBuildFile; fileRef = FABF8B8B15EFF5090081D3C7 /* InfoPlist.strings */; };
		FABF8B8F15EFF5090081D3C7 /* ExampleSpec.mm in Sources */ = {isa = PBXBuildFile; fileRef = FABF8B8E15EFF5090081D3C7 /* ExampleSpec.mm */; };
		FABF8B9115EFF5090081D3C7 /* Cedar-iOS.framework in Frameworks */ = {isa = PBXBuildFile; fileRef = FABF8B9015EFF5090081D3C7 /* Cedar-iOS.framework */; };
		FACDBA59160411F600C49268 /* main.m in Sources */ = {isa = PBXBuildFile; fileRef = FABF8B6A15EFF4DC0081D3C7 /* main.m */; };
		FACDBA5A160411F600C49268 /* AppDelegate.m in Sources */ = {isa = PBXBuildFile; fileRef = FABF8B6E15EFF4DC0081D3C7 /* AppDelegate.m */; };
		FACDBA5B160411F600C49268 /* ViewController.m in Sources */ = {isa = PBXBuildFile; fileRef = FABF8B7715EFF4DC0081D3C7 /* ViewController.m */; };
		FACDBA5C160411F600C49268 /* Model.m in Sources */ = {isa = PBXBuildFile; fileRef = FAE91FA615EFF9B6004F15B1 /* Model.m */; };
		FACDBA5E160411F600C49268 /* UIKit.framework in Frameworks */ = {isa = PBXBuildFile; fileRef = FABF8B5E15EFF4DC0081D3C7 /* UIKit.framework */; };
		FACDBA5F160411F600C49268 /* Foundation.framework in Frameworks */ = {isa = PBXBuildFile; fileRef = FABF8B6015EFF4DC0081D3C7 /* Foundation.framework */; };
		FACDBA60160411F600C49268 /* CoreGraphics.framework in Frameworks */ = {isa = PBXBuildFile; fileRef = FABF8B6215EFF4DC0081D3C7 /* CoreGraphics.framework */; };
		FACDBA62160411F600C49268 /* InfoPlist.strings in Resources */ = {isa = PBXBuildFile; fileRef = FABF8B6715EFF4DC0081D3C7 /* InfoPlist.strings */; };
		FACDBA63160411F600C49268 /* MainStoryboard_iPhone.storyboard in Resources */ = {isa = PBXBuildFile; fileRef = FABF8B7015EFF4DC0081D3C7 /* MainStoryboard_iPhone.storyboard */; };
		FACDBA64160411F600C49268 /* MainStoryboard_iPad.storyboard in Resources */ = {isa = PBXBuildFile; fileRef = FABF8B7315EFF4DC0081D3C7 /* MainStoryboard_iPad.storyboard */; };
		FAE91F9115EFF704004F15B1 /* UIKit.framework in Frameworks */ = {isa = PBXBuildFile; fileRef = FABF8B5E15EFF4DC0081D3C7 /* UIKit.framework */; };
		FAE91F9215EFF704004F15B1 /* Foundation.framework in Frameworks */ = {isa = PBXBuildFile; fileRef = FABF8B6015EFF4DC0081D3C7 /* Foundation.framework */; };
		FAE91F9315EFF704004F15B1 /* CoreGraphics.framework in Frameworks */ = {isa = PBXBuildFile; fileRef = FABF8B6215EFF4DC0081D3C7 /* CoreGraphics.framework */; };
		FAE91F9915EFF704004F15B1 /* InfoPlist.strings in Resources */ = {isa = PBXBuildFile; fileRef = FAE91F9715EFF704004F15B1 /* InfoPlist.strings */; };
		FAE91F9B15EFF704004F15B1 /* main.m in Sources */ = {isa = PBXBuildFile; fileRef = FAE91F9A15EFF704004F15B1 /* main.m */; };
		FAE91F9E15EFF705004F15B1 /* Cedar-iOS.framework in Frameworks */ = {isa = PBXBuildFile; fileRef = FAE91F9D15EFF705004F15B1 /* Cedar-iOS.framework */; };
		FAE91FA715EFF9B6004F15B1 /* Model.m in Sources */ = {isa = PBXBuildFile; fileRef = FAE91FA615EFF9B6004F15B1 /* Model.m */; };
		FAE91FAB15EFFC97004F15B1 /* ModelSpec.mm in Sources */ = {isa = PBXBuildFile; fileRef = FAE91FAA15EFFC97004F15B1 /* ModelSpec.mm */; };
		FAE91FB215F01149004F15B1 /* Model.m in Sources */ = {isa = PBXBuildFile; fileRef = FAE91FA615EFF9B6004F15B1 /* Model.m */; };
		FAE91FB315F013A4004F15B1 /* AppDelegate.m in Sources */ = {isa = PBXBuildFile; fileRef = FABF8B6E15EFF4DC0081D3C7 /* AppDelegate.m */; };
		FAE91FB415F013A4004F15B1 /* ViewController.m in Sources */ = {isa = PBXBuildFile; fileRef = FABF8B7715EFF4DC0081D3C7 /* ViewController.m */; };
/* End PBXBuildFile section */

/* Begin PBXFileReference section */
		FA4E60BE16014B600013B19F /* addtest.feature */ = {isa = PBXFileReference; fileEncoding = 4; lastKnownFileType = text; path = addtest.feature; sourceTree = "<group>"; };
		FA4E60BF16014B600013B19F /* my_first.feature */ = {isa = PBXFileReference; fileEncoding = 4; lastKnownFileType = text; path = my_first.feature; sourceTree = "<group>"; };
		FA4E60C116014B600013B19F /* launch_steps.rb */ = {isa = PBXFileReference; fileEncoding = 4; lastKnownFileType = text.script.ruby; path = launch_steps.rb; sourceTree = "<group>"; };
		FA4E60C316014B600013B19F /* env.rb */ = {isa = PBXFileReference; fileEncoding = 4; lastKnownFileType = text.script.ruby; path = env.rb; sourceTree = "<group>"; };
		FA4E60C416014B600013B19F /* recording.rb */ = {isa = PBXFileReference; fileEncoding = 4; lastKnownFileType = text.script.ruby; path = recording.rb; sourceTree = "<group>"; };
		FA4E60C516014B600013B19F /* frank_static_resources.bundle */ = {isa = PBXFileReference; lastKnownFileType = "wrapper.plug-in"; path = frank_static_resources.bundle; sourceTree = "<group>"; };
		FA4E60C716014B600013B19F /* Frankified.app */ = {isa = PBXFileReference; lastKnownFileType = wrapper.application; path = Frankified.app; sourceTree = "<group>"; };
		FA4E60C816014B600013B19F /* frankify.xcconfig */ = {isa = PBXFileReference; fileEncoding = 4; lastKnownFileType = text.xcconfig; path = frankify.xcconfig; sourceTree = "<group>"; };
		FA4E60C916014B600013B19F /* libFrank.a */ = {isa = PBXFileReference; lastKnownFileType = archive.ar; path = libFrank.a; sourceTree = "<group>"; };
		FA4E60CA16014B600013B19F /* libShelley.a */ = {isa = PBXFileReference; lastKnownFileType = archive.ar; path = libShelley.a; sourceTree = "<group>"; };
		FA4E60D516014B820013B19F /* CFNetwork.framework */ = {isa = PBXFileReference; lastKnownFileType = wrapper.framework; name = CFNetwork.framework; path = System/Library/Frameworks/CFNetwork.framework; sourceTree = SDKROOT; };
		FABF8B5E15EFF4DC0081D3C7 /* UIKit.framework */ = {isa = PBXFileReference; lastKnownFileType = wrapper.framework; name = UIKit.framework; path = System/Library/Frameworks/UIKit.framework; sourceTree = SDKROOT; };
		FABF8B6015EFF4DC0081D3C7 /* Foundation.framework */ = {isa = PBXFileReference; lastKnownFileType = wrapper.framework; name = Foundation.framework; path = System/Library/Frameworks/Foundation.framework; sourceTree = SDKROOT; };
		FABF8B6215EFF4DC0081D3C7 /* CoreGraphics.framework */ = {isa = PBXFileReference; lastKnownFileType = wrapper.framework; name = CoreGraphics.framework; path = System/Library/Frameworks/CoreGraphics.framework; sourceTree = SDKROOT; };
		FABF8B6615EFF4DC0081D3C7 /* HelloWorld-Info.plist */ = {isa = PBXFileReference; lastKnownFileType = text.plist.xml; path = "HelloWorld-Info.plist"; sourceTree = "<group>"; };
		FABF8B6815EFF4DC0081D3C7 /* en */ = {isa = PBXFileReference; lastKnownFileType = text.plist.strings; name = en; path = en.lproj/InfoPlist.strings; sourceTree = "<group>"; };
		FABF8B6A15EFF4DC0081D3C7 /* main.m */ = {isa = PBXFileReference; lastKnownFileType = sourcecode.c.objc; path = main.m; sourceTree = "<group>"; };
		FABF8B6C15EFF4DC0081D3C7 /* HelloWorld-Prefix.pch */ = {isa = PBXFileReference; lastKnownFileType = sourcecode.c.h; path = "HelloWorld-Prefix.pch"; sourceTree = "<group>"; };
		FABF8B6D15EFF4DC0081D3C7 /* AppDelegate.h */ = {isa = PBXFileReference; lastKnownFileType = sourcecode.c.h; path = AppDelegate.h; sourceTree = "<group>"; };
		FABF8B6E15EFF4DC0081D3C7 /* AppDelegate.m */ = {isa = PBXFileReference; lastKnownFileType = sourcecode.c.objc; path = AppDelegate.m; sourceTree = "<group>"; };
		FABF8B7115EFF4DC0081D3C7 /* en */ = {isa = PBXFileReference; lastKnownFileType = file.storyboard; name = en; path = en.lproj/MainStoryboard_iPhone.storyboard; sourceTree = "<group>"; };
		FABF8B7415EFF4DC0081D3C7 /* en */ = {isa = PBXFileReference; lastKnownFileType = file.storyboard; name = en; path = en.lproj/MainStoryboard_iPad.storyboard; sourceTree = "<group>"; };
		FABF8B7615EFF4DC0081D3C7 /* ViewController.h */ = {isa = PBXFileReference; lastKnownFileType = sourcecode.c.h; path = ViewController.h; sourceTree = "<group>"; };
		FABF8B7715EFF4DC0081D3C7 /* ViewController.m */ = {isa = PBXFileReference; lastKnownFileType = sourcecode.c.objc; path = ViewController.m; sourceTree = "<group>"; };
		FABF8B8415EFF5090081D3C7 /* SenTestingKit.framework */ = {isa = PBXFileReference; lastKnownFileType = wrapper.framework; name = SenTestingKit.framework; path = Library/Frameworks/SenTestingKit.framework; sourceTree = DEVELOPER_DIR; };
		FABF8B8A15EFF5090081D3C7 /* HelloWorldTest-Info.plist */ = {isa = PBXFileReference; lastKnownFileType = text.plist.xml; path = "HelloWorldTest-Info.plist"; sourceTree = "<group>"; };
		FABF8B8C15EFF5090081D3C7 /* en */ = {isa = PBXFileReference; lastKnownFileType = text.plist.strings; name = en; path = en.lproj/InfoPlist.strings; sourceTree = "<group>"; };
		FABF8B8E15EFF5090081D3C7 /* ExampleSpec.mm */ = {isa = PBXFileReference; lastKnownFileType = sourcecode.cpp.objcpp; path = ExampleSpec.mm; sourceTree = "<group>"; };
		FABF8B9015EFF5090081D3C7 /* Cedar-iOS.framework */ = {isa = PBXFileReference; lastKnownFileType = wrapper.framework; name = "Cedar-iOS.framework"; path = "Frameworks/Cedar-iOS.framework"; sourceTree = "<group>"; };
		FABF8B9215EFF5090081D3C7 /* HelloWorldTest-Prefix.pch */ = {isa = PBXFileReference; lastKnownFileType = sourcecode.c.h; path = "HelloWorldTest-Prefix.pch"; sourceTree = "<group>"; };
		FACDBA731604136C00C49268 /* HelloWorld_Frankified.app */ = {isa = PBXFileReference; explicitFileType = wrapper.application; includeInIndex = 0; path = HelloWorld_Frankified.app; sourceTree = BUILT_PRODUCTS_DIR; };
		FACDBA7B160413F000C49268 /* HelloWorld.app */ = {isa = PBXFileReference; explicitFileType = wrapper.application; includeInIndex = 0; path = HelloWorld.app; sourceTree = BUILT_PRODUCTS_DIR; };
		FACDBA7D160413F000C49268 /* HelloWorldTest.octest */ = {isa = PBXFileReference; explicitFileType = wrapper.cfbundle; includeInIndex = 0; path = HelloWorldTest.octest; sourceTree = BUILT_PRODUCTS_DIR; };
		FACDBA7E160413F000C49268 /* HelloWorldSpec.app */ = {isa = PBXFileReference; explicitFileType = wrapper.application; includeInIndex = 0; path = HelloWorldSpec.app; sourceTree = BUILT_PRODUCTS_DIR; };
		FAE91F9615EFF704004F15B1 /* HelloWorldSpec-Info.plist */ = {isa = PBXFileReference; lastKnownFileType = text.plist.xml; path = "HelloWorldSpec-Info.plist"; sourceTree = "<group>"; };
		FAE91F9815EFF704004F15B1 /* en */ = {isa = PBXFileReference; lastKnownFileType = text.plist.strings; name = en; path = en.lproj/InfoPlist.strings; sourceTree = "<group>"; };
		FAE91F9A15EFF704004F15B1 /* main.m */ = {isa = PBXFileReference; lastKnownFileType = sourcecode.c.objc; path = main.m; sourceTree = "<group>"; };
		FAE91F9C15EFF704004F15B1 /* HelloWorldSpec-Prefix.pch */ = {isa = PBXFileReference; lastKnownFileType = sourcecode.c.h; path = "HelloWorldSpec-Prefix.pch"; sourceTree = "<group>"; };
		FAE91F9D15EFF705004F15B1 /* Cedar-iOS.framework */ = {isa = PBXFileReference; lastKnownFileType = wrapper.framework; name = "Cedar-iOS.framework"; path = "Frameworks/Cedar-iOS.framework"; sourceTree = "<group>"; };
		FAE91FA515EFF9B6004F15B1 /* Model.h */ = {isa = PBXFileReference; fileEncoding = 4; lastKnownFileType = sourcecode.c.h; path = Model.h; sourceTree = "<group>"; };
		FAE91FA615EFF9B6004F15B1 /* Model.m */ = {isa = PBXFileReference; fileEncoding = 4; lastKnownFileType = sourcecode.c.objc; path = Model.m; sourceTree = "<group>"; };
		FAE91FAA15EFFC97004F15B1 /* ModelSpec.mm */ = {isa = PBXFileReference; fileEncoding = 4; lastKnownFileType = sourcecode.cpp.objcpp; path = ModelSpec.mm; sourceTree = "<group>"; };
		FAE91FBC15F03660004F15B1 /* addtest.feature */ = {isa = PBXFileReference; lastKnownFileType = text; name = addtest.feature; path = Frank/features/addtest.feature; sourceTree = "<group>"; };
		FAE91FC215F165B7004F15B1 /* launch_steps.rb */ = {isa = PBXFileReference; lastKnownFileType = text.script.ruby; name = launch_steps.rb; path = Frank/features/step_definitions/launch_steps.rb; sourceTree = "<group>"; };
		FAF3F9CC1603EE2400193449 /* CoreData.framework */ = {isa = PBXFileReference; lastKnownFileType = wrapper.framework; name = CoreData.framework; path = System/Library/Frameworks/CoreData.framework; sourceTree = SDKROOT; };
		FAF3F9D01603EE2400193449 /* HelloWorld_Frankified-Info.plist */ = {isa = PBXFileReference; lastKnownFileType = text.plist.xml; path = "HelloWorld_Frankified-Info.plist"; sourceTree = "<group>"; };
		FAF3F9D21603EE2400193449 /* en */ = {isa = PBXFileReference; lastKnownFileType = text.plist.strings; name = en; path = en.lproj/InfoPlist.strings; sourceTree = "<group>"; };
		FAF3F9D41603EE2400193449 /* main.m */ = {isa = PBXFileReference; lastKnownFileType = sourcecode.c.objc; path = main.m; sourceTree = "<group>"; };
		FAF3F9D61603EE2400193449 /* HelloWorld_Frankified-Prefix.pch */ = {isa = PBXFileReference; lastKnownFileType = sourcecode.c.h; path = "HelloWorld_Frankified-Prefix.pch"; sourceTree = "<group>"; };
		FAF3F9D71603EE2400193449 /* AppDelegate.h */ = {isa = PBXFileReference; lastKnownFileType = sourcecode.c.h; path = AppDelegate.h; sourceTree = "<group>"; };
		FAF3F9D81603EE2400193449 /* AppDelegate.m */ = {isa = PBXFileReference; lastKnownFileType = sourcecode.c.objc; path = AppDelegate.m; sourceTree = "<group>"; };
		FAF3F9DB1603EE2400193449 /* HelloWorld_Frankified.xcdatamodel */ = {isa = PBXFileReference; lastKnownFileType = wrapper.xcdatamodel; path = HelloWorld_Frankified.xcdatamodel; sourceTree = "<group>"; };
/* End PBXFileReference section */

/* Begin PBXFrameworksBuildPhase section */
		FABF8B5715EFF4DC0081D3C7 /* Frameworks */ = {
			isa = PBXFrameworksBuildPhase;
			buildActionMask = 2147483647;
			files = (
				FABF8B5F15EFF4DC0081D3C7 /* UIKit.framework in Frameworks */,
				FABF8B6115EFF4DC0081D3C7 /* Foundation.framework in Frameworks */,
				FABF8B6315EFF4DC0081D3C7 /* CoreGraphics.framework in Frameworks */,
			);
			runOnlyForDeploymentPostprocessing = 0;
		};
		FABF8B7F15EFF5090081D3C7 /* Frameworks */ = {
			isa = PBXFrameworksBuildPhase;
			buildActionMask = 2147483647;
			files = (
				FABF8B8515EFF5090081D3C7 /* SenTestingKit.framework in Frameworks */,
				FABF8B8615EFF5090081D3C7 /* UIKit.framework in Frameworks */,
				FABF8B8715EFF5090081D3C7 /* Foundation.framework in Frameworks */,
				FABF8B9115EFF5090081D3C7 /* Cedar-iOS.framework in Frameworks */,
			);
			runOnlyForDeploymentPostprocessing = 0;
		};
		FACDBA5D160411F600C49268 /* Frameworks */ = {
			isa = PBXFrameworksBuildPhase;
			buildActionMask = 2147483647;
			files = (
				FACDBA5E160411F600C49268 /* UIKit.framework in Frameworks */,
				FACDBA5F160411F600C49268 /* Foundation.framework in Frameworks */,
				FACDBA60160411F600C49268 /* CoreGraphics.framework in Frameworks */,
			);
			runOnlyForDeploymentPostprocessing = 0;
		};
		FAE91F8C15EFF704004F15B1 /* Frameworks */ = {
			isa = PBXFrameworksBuildPhase;
			buildActionMask = 2147483647;
			files = (
				FAE91F9115EFF704004F15B1 /* UIKit.framework in Frameworks */,
				FAE91F9215EFF704004F15B1 /* Foundation.framework in Frameworks */,
				FAE91F9315EFF704004F15B1 /* CoreGraphics.framework in Frameworks */,
				FAE91F9E15EFF705004F15B1 /* Cedar-iOS.framework in Frameworks */,
			);
			runOnlyForDeploymentPostprocessing = 0;
		};
/* End PBXFrameworksBuildPhase section */

/* Begin PBXGroup section */
		FA4E60BC16014B600013B19F /* Frank */ = {
			isa = PBXGroup;
			children = (
				FA4E60BD16014B600013B19F /* features */,
				FA4E60C516014B600013B19F /* frank_static_resources.bundle */,
				FA4E60C616014B600013B19F /* frankified_build */,
				FA4E60C816014B600013B19F /* frankify.xcconfig */,
				FA4E60C916014B600013B19F /* libFrank.a */,
				FA4E60CA16014B600013B19F /* libShelley.a */,
			);
			path = Frank;
			sourceTree = "<group>";
		};
		FA4E60BD16014B600013B19F /* features */ = {
			isa = PBXGroup;
			children = (
				FA4E60BE16014B600013B19F /* addtest.feature */,
				FA4E60BF16014B600013B19F /* my_first.feature */,
				FA4E60C016014B600013B19F /* step_definitions */,
				FA4E60C216014B600013B19F /* support */,
			);
			path = features;
			sourceTree = "<group>";
		};
		FA4E60C016014B600013B19F /* step_definitions */ = {
			isa = PBXGroup;
			children = (
				FA4E60C116014B600013B19F /* launch_steps.rb */,
			);
			path = step_definitions;
			sourceTree = "<group>";
		};
		FA4E60C216014B600013B19F /* support */ = {
			isa = PBXGroup;
			children = (
				FA4E60C316014B600013B19F /* env.rb */,
				FA4E60C416014B600013B19F /* recording.rb */,
			);
			path = support;
			sourceTree = "<group>";
		};
		FA4E60C616014B600013B19F /* frankified_build */ = {
			isa = PBXGroup;
			children = (
				FA4E60C716014B600013B19F /* Frankified.app */,
			);
			path = frankified_build;
			sourceTree = "<group>";
		};
		FABF8B4F15EFF4DC0081D3C7 = {
			isa = PBXGroup;
			children = (
				FA4E60D516014B820013B19F /* CFNetwork.framework */,
				FA4E60BC16014B600013B19F /* Frank */,
				FABF8B6415EFF4DC0081D3C7 /* HelloWorld */,
				FABF8B8815EFF5090081D3C7 /* HelloWorldTest */,
				FAE91F9415EFF704004F15B1 /* HelloWorldSpec */,
				FAF3F9CE1603EE2400193449 /* HelloWorld_Frankified */,
				FABF8B5D15EFF4DC0081D3C7 /* Frameworks */,
				FAE91FBC15F03660004F15B1 /* addtest.feature */,
				FAE91FC215F165B7004F15B1 /* launch_steps.rb */,
				FACDBA731604136C00C49268 /* HelloWorld_Frankified.app */,
				FACDBA7B160413F000C49268 /* HelloWorld.app */,
				FACDBA7D160413F000C49268 /* HelloWorldTest.octest */,
				FACDBA7E160413F000C49268 /* HelloWorldSpec.app */,
			);
			sourceTree = "<group>";
		};
		FABF8B5D15EFF4DC0081D3C7 /* Frameworks */ = {
			isa = PBXGroup;
			children = (
				FABF8B5E15EFF4DC0081D3C7 /* UIKit.framework */,
				FABF8B6015EFF4DC0081D3C7 /* Foundation.framework */,
				FABF8B6215EFF4DC0081D3C7 /* CoreGraphics.framework */,
				FABF8B8415EFF5090081D3C7 /* SenTestingKit.framework */,
				FAF3F9CC1603EE2400193449 /* CoreData.framework */,
			);
			name = Frameworks;
			sourceTree = "<group>";
		};
		FABF8B6415EFF4DC0081D3C7 /* HelloWorld */ = {
			isa = PBXGroup;
			children = (
				FABF8B6D15EFF4DC0081D3C7 /* AppDelegate.h */,
				FABF8B6E15EFF4DC0081D3C7 /* AppDelegate.m */,
				FABF8B7015EFF4DC0081D3C7 /* MainStoryboard_iPhone.storyboard */,
				FABF8B7315EFF4DC0081D3C7 /* MainStoryboard_iPad.storyboard */,
				FABF8B7615EFF4DC0081D3C7 /* ViewController.h */,
				FABF8B7715EFF4DC0081D3C7 /* ViewController.m */,
				FABF8B6515EFF4DC0081D3C7 /* Supporting Files */,
				FAE91FA515EFF9B6004F15B1 /* Model.h */,
				FAE91FA615EFF9B6004F15B1 /* Model.m */,
			);
			path = HelloWorld;
			sourceTree = "<group>";
		};
		FABF8B6515EFF4DC0081D3C7 /* Supporting Files */ = {
			isa = PBXGroup;
			children = (
				FABF8B6615EFF4DC0081D3C7 /* HelloWorld-Info.plist */,
				FABF8B6715EFF4DC0081D3C7 /* InfoPlist.strings */,
				FABF8B6A15EFF4DC0081D3C7 /* main.m */,
				FABF8B6C15EFF4DC0081D3C7 /* HelloWorld-Prefix.pch */,
			);
			name = "Supporting Files";
			sourceTree = "<group>";
		};
		FABF8B8815EFF5090081D3C7 /* HelloWorldTest */ = {
			isa = PBXGroup;
			children = (
				FABF8B8E15EFF5090081D3C7 /* ExampleSpec.mm */,
				FABF8B9015EFF5090081D3C7 /* Cedar-iOS.framework */,
				FABF8B8915EFF5090081D3C7 /* Supporting Files */,
			);
			path = HelloWorldTest;
			sourceTree = "<group>";
		};
		FABF8B8915EFF5090081D3C7 /* Supporting Files */ = {
			isa = PBXGroup;
			children = (
				FABF8B8A15EFF5090081D3C7 /* HelloWorldTest-Info.plist */,
				FABF8B8B15EFF5090081D3C7 /* InfoPlist.strings */,
				FABF8B9215EFF5090081D3C7 /* HelloWorldTest-Prefix.pch */,
			);
			name = "Supporting Files";
			sourceTree = "<group>";
		};
		FAE91F9415EFF704004F15B1 /* HelloWorldSpec */ = {
			isa = PBXGroup;
			children = (
				FAE91F9D15EFF705004F15B1 /* Cedar-iOS.framework */,
				FAE91FAA15EFFC97004F15B1 /* ModelSpec.mm */,
				FAE91F9515EFF704004F15B1 /* Supporting Files */,
			);
			path = HelloWorldSpec;
			sourceTree = "<group>";
		};
		FAE91F9515EFF704004F15B1 /* Supporting Files */ = {
			isa = PBXGroup;
			children = (
				FAE91F9615EFF704004F15B1 /* HelloWorldSpec-Info.plist */,
				FAE91F9715EFF704004F15B1 /* InfoPlist.strings */,
				FAE91F9A15EFF704004F15B1 /* main.m */,
				FAE91F9C15EFF704004F15B1 /* HelloWorldSpec-Prefix.pch */,
			);
			name = "Supporting Files";
			sourceTree = "<group>";
		};
		FAF3F9CE1603EE2400193449 /* HelloWorld_Frankified */ = {
			isa = PBXGroup;
			children = (
				FAF3F9D71603EE2400193449 /* AppDelegate.h */,
				FAF3F9D81603EE2400193449 /* AppDelegate.m */,
				FAF3F9DA1603EE2400193449 /* HelloWorld_Frankified.xcdatamodeld */,
				FAF3F9CF1603EE2400193449 /* Supporting Files */,
			);
			path = HelloWorld_Frankified;
			sourceTree = "<group>";
		};
		FAF3F9CF1603EE2400193449 /* Supporting Files */ = {
			isa = PBXGroup;
			children = (
				FAF3F9D01603EE2400193449 /* HelloWorld_Frankified-Info.plist */,
				FAF3F9D11603EE2400193449 /* InfoPlist.strings */,
				FAF3F9D41603EE2400193449 /* main.m */,
				FAF3F9D61603EE2400193449 /* HelloWorld_Frankified-Prefix.pch */,
			);
			name = "Supporting Files";
			sourceTree = "<group>";
		};
/* End PBXGroup section */

/* Begin PBXNativeTarget section */
		FABF8B5915EFF4DC0081D3C7 /* HelloWorld */ = {
			isa = PBXNativeTarget;
			buildConfigurationList = FABF8B7B15EFF4DC0081D3C7 /* Build configuration list for PBXNativeTarget "HelloWorld" */;
			buildPhases = (
				FABF8B5615EFF4DC0081D3C7 /* Sources */,
				FABF8B5715EFF4DC0081D3C7 /* Frameworks */,
				FABF8B5815EFF4DC0081D3C7 /* Resources */,
			);
			buildRules = (
			);
			dependencies = (
			);
			name = HelloWorld;
			productName = HelloWorld;
			productReference = FACDBA7B160413F000C49268 /* HelloWorld.app */;
			productType = "com.apple.product-type.application";
		};
		FABF8B8215EFF5090081D3C7 /* HelloWorldTest */ = {
			isa = PBXNativeTarget;
			buildConfigurationList = FABF8B9315EFF5090081D3C7 /* Build configuration list for PBXNativeTarget "HelloWorldTest" */;
			buildPhases = (
				FABF8B7E15EFF5090081D3C7 /* Sources */,
				FABF8B7F15EFF5090081D3C7 /* Frameworks */,
				FABF8B8015EFF5090081D3C7 /* Resources */,
				FABF8B8115EFF5090081D3C7 /* ShellScript */,
			);
			buildRules = (
			);
			dependencies = (
			);
			name = HelloWorldTest;
			productName = HelloWorldTest;
			productReference = FACDBA7D160413F000C49268 /* HelloWorldTest.octest */;
			productType = "com.apple.product-type.bundle";
		};
		FACDBA57160411F600C49268 /* HelloWorld_Frankified */ = {
			isa = PBXNativeTarget;
			buildConfigurationList = FACDBA65160411F600C49268 /* Build configuration list for PBXNativeTarget "HelloWorld_Frankified" */;
			buildPhases = (
				FACDBA58160411F600C49268 /* Sources */,
				FACDBA5D160411F600C49268 /* Frameworks */,
				FACDBA61160411F600C49268 /* Resources */,
			);
			buildRules = (
			);
			dependencies = (
			);
			name = HelloWorld_Frankified;
			productName = HelloWorld;
			productReference = FACDBA731604136C00C49268 /* HelloWorld_Frankified.app */;
			productType = "com.apple.product-type.application";
		};
		FAE91F8E15EFF704004F15B1 /* HelloWorldSpec */ = {
			isa = PBXNativeTarget;
			buildConfigurationList = FAE91FA315EFF705004F15B1 /* Build configuration list for PBXNativeTarget "HelloWorldSpec" */;
			buildPhases = (
				FAE91F8B15EFF704004F15B1 /* Sources */,
				FAE91F8C15EFF704004F15B1 /* Frameworks */,
				FAE91F8D15EFF704004F15B1 /* Resources */,
			);
			buildRules = (
			);
			dependencies = (
			);
			name = HelloWorldSpec;
			productName = HelloWorldSpec;
			productReference = FACDBA7E160413F000C49268 /* HelloWorldSpec.app */;
			productType = "com.apple.product-type.application";
		};
/* End PBXNativeTarget section */

/* Begin PBXProject section */
		FABF8B5115EFF4DC0081D3C7 /* Project object */ = {
			isa = PBXProject;
			attributes = {
				LastUpgradeCheck = 0440;
				ORGANIZATIONNAME = "Alexey Ledovskiy";
			};
			buildConfigurationList = FABF8B5415EFF4DC0081D3C7 /* Build configuration list for PBXProject "HelloWorld" */;
			compatibilityVersion = "Xcode 3.2";
			developmentRegion = English;
			hasScannedForEncodings = 0;
			knownRegions = (
				en,
			);
			mainGroup = FABF8B4F15EFF4DC0081D3C7;
			productRefGroup = FABF8B4F15EFF4DC0081D3C7;
			projectDirPath = "";
			projectRoot = "";
			targets = (
				FABF8B5915EFF4DC0081D3C7 /* HelloWorld */,
				FABF8B8215EFF5090081D3C7 /* HelloWorldTest */,
				FAE91F8E15EFF704004F15B1 /* HelloWorldSpec */,
				FACDBA57160411F600C49268 /* HelloWorld_Frankified */,
			);
		};
/* End PBXProject section */

/* Begin PBXResourcesBuildPhase section */
		FABF8B5815EFF4DC0081D3C7 /* Resources */ = {
			isa = PBXResourcesBuildPhase;
			buildActionMask = 2147483647;
			files = (
				FABF8B6915EFF4DC0081D3C7 /* InfoPlist.strings in Resources */,
				FABF8B7215EFF4DC0081D3C7 /* MainStoryboard_iPhone.storyboard in Resources */,
				FABF8B7515EFF4DC0081D3C7 /* MainStoryboard_iPad.storyboard in Resources */,
			);
			runOnlyForDeploymentPostprocessing = 0;
		};
		FABF8B8015EFF5090081D3C7 /* Resources */ = {
			isa = PBXResourcesBuildPhase;
			buildActionMask = 2147483647;
			files = (
				FABF8B8D15EFF5090081D3C7 /* InfoPlist.strings in Resources */,
			);
			runOnlyForDeploymentPostprocessing = 0;
		};
		FACDBA61160411F600C49268 /* Resources */ = {
			isa = PBXResourcesBuildPhase;
			buildActionMask = 2147483647;
			files = (
				FACDBA62160411F600C49268 /* InfoPlist.strings in Resources */,
				FACDBA63160411F600C49268 /* MainStoryboard_iPhone.storyboard in Resources */,
				FACDBA64160411F600C49268 /* MainStoryboard_iPad.storyboard in Resources */,
			);
			runOnlyForDeploymentPostprocessing = 0;
		};
		FAE91F8D15EFF704004F15B1 /* Resources */ = {
			isa = PBXResourcesBuildPhase;
			buildActionMask = 2147483647;
			files = (
				FAE91F9915EFF704004F15B1 /* InfoPlist.strings in Resources */,
			);
			runOnlyForDeploymentPostprocessing = 0;
		};
/* End PBXResourcesBuildPhase section */

/* Begin PBXShellScriptBuildPhase section */
		FABF8B8115EFF5090081D3C7 /* ShellScript */ = {
			isa = PBXShellScriptBuildPhase;
			buildActionMask = 2147483647;
			files = (
			);
			inputPaths = (
			);
			outputPaths = (
			);
			runOnlyForDeploymentPostprocessing = 0;
			shellPath = /bin/sh;
			shellScript = "# Run the unit tests in this test bundle.\n\"${SYSTEM_DEVELOPER_DIR}/Tools/RunUnitTests\"\n";
		};
/* End PBXShellScriptBuildPhase section */

/* Begin PBXSourcesBuildPhase section */
		FABF8B5615EFF4DC0081D3C7 /* Sources */ = {
			isa = PBXSourcesBuildPhase;
			buildActionMask = 2147483647;
			files = (
				FABF8B6B15EFF4DC0081D3C7 /* main.m in Sources */,
				FABF8B6F15EFF4DC0081D3C7 /* AppDelegate.m in Sources */,
				FABF8B7815EFF4DC0081D3C7 /* ViewController.m in Sources */,
				FAE91FA715EFF9B6004F15B1 /* Model.m in Sources */,
			);
			runOnlyForDeploymentPostprocessing = 0;
		};
		FABF8B7E15EFF5090081D3C7 /* Sources */ = {
			isa = PBXSourcesBuildPhase;
			buildActionMask = 2147483647;
			files = (
				FABF8B8F15EFF5090081D3C7 /* ExampleSpec.mm in Sources */,
			);
			runOnlyForDeploymentPostprocessing = 0;
		};
		FACDBA58160411F600C49268 /* Sources */ = {
			isa = PBXSourcesBuildPhase;
			buildActionMask = 2147483647;
			files = (
				FACDBA59160411F600C49268 /* main.m in Sources */,
				FACDBA5A160411F600C49268 /* AppDelegate.m in Sources */,
				FACDBA5B160411F600C49268 /* ViewController.m in Sources */,
				FACDBA5C160411F600C49268 /* Model.m in Sources */,
			);
			runOnlyForDeploymentPostprocessing = 0;
		};
		FAE91F8B15EFF704004F15B1 /* Sources */ = {
			isa = PBXSourcesBuildPhase;
			buildActionMask = 2147483647;
			files = (
				FAE91FB315F013A4004F15B1 /* AppDelegate.m in Sources */,
				FAE91FB415F013A4004F15B1 /* ViewController.m in Sources */,
				FAE91FB215F01149004F15B1 /* Model.m in Sources */,
				FAE91F9B15EFF704004F15B1 /* main.m in Sources */,
				FAE91FAB15EFFC97004F15B1 /* ModelSpec.mm in Sources */,
			);
			runOnlyForDeploymentPostprocessing = 0;
		};
/* End PBXSourcesBuildPhase section */

/* Begin PBXVariantGroup section */
		FABF8B6715EFF4DC0081D3C7 /* InfoPlist.strings */ = {
			isa = PBXVariantGroup;
			children = (
				FABF8B6815EFF4DC0081D3C7 /* en */,
			);
			name = InfoPlist.strings;
			sourceTree = "<group>";
		};
		FABF8B7015EFF4DC0081D3C7 /* MainStoryboard_iPhone.storyboard */ = {
			isa = PBXVariantGroup;
			children = (
				FABF8B7115EFF4DC0081D3C7 /* en */,
			);
			name = MainStoryboard_iPhone.storyboard;
			sourceTree = "<group>";
		};
		FABF8B7315EFF4DC0081D3C7 /* MainStoryboard_iPad.storyboard */ = {
			isa = PBXVariantGroup;
			children = (
				FABF8B7415EFF4DC0081D3C7 /* en */,
			);
			name = MainStoryboard_iPad.storyboard;
			sourceTree = "<group>";
		};
		FABF8B8B15EFF5090081D3C7 /* InfoPlist.strings */ = {
			isa = PBXVariantGroup;
			children = (
				FABF8B8C15EFF5090081D3C7 /* en */,
			);
			name = InfoPlist.strings;
			sourceTree = "<group>";
		};
		FAE91F9715EFF704004F15B1 /* InfoPlist.strings */ = {
			isa = PBXVariantGroup;
			children = (
				FAE91F9815EFF704004F15B1 /* en */,
			);
			name = InfoPlist.strings;
			sourceTree = "<group>";
		};
		FAF3F9D11603EE2400193449 /* InfoPlist.strings */ = {
			isa = PBXVariantGroup;
			children = (
				FAF3F9D21603EE2400193449 /* en */,
			);
			name = InfoPlist.strings;
			sourceTree = "<group>";
		};
/* End PBXVariantGroup section */

/* Begin XCBuildConfiguration section */
		FABF8B7915EFF4DC0081D3C7 /* Debug */ = {
			isa = XCBuildConfiguration;
			buildSettings = {
				ALWAYS_SEARCH_USER_PATHS = NO;
				ARCHS = "$(ARCHS_STANDARD_32_BIT)";
				CLANG_CXX_LANGUAGE_STANDARD = "gnu++0x";
				CLANG_ENABLE_OBJC_ARC = YES;
				CLANG_WARN__DUPLICATE_METHOD_MATCH = YES;
				CODE_SIGN_IDENTITY = "";
				"CODE_SIGN_IDENTITY[sdk=iphoneos*]" = "";
				COPY_PHASE_STRIP = NO;
				GCC_C_LANGUAGE_STANDARD = gnu99;
				GCC_DYNAMIC_NO_PIC = NO;
				GCC_OPTIMIZATION_LEVEL = 0;
				GCC_PREPROCESSOR_DEFINITIONS = (
					"DEBUG=1",
					"$(inherited)",
				);
				GCC_SYMBOLS_PRIVATE_EXTERN = NO;
				GCC_VERSION = com.apple.compilers.llvm.clang.1_0;
				GCC_WARN_ABOUT_RETURN_TYPE = YES;
				GCC_WARN_UNINITIALIZED_AUTOS = YES;
				GCC_WARN_UNUSED_VARIABLE = YES;
				IPHONEOS_DEPLOYMENT_TARGET = 5.1;
				SDKROOT = iphoneos;
				TARGETED_DEVICE_FAMILY = "1,2";
			};
			name = Debug;
		};
		FABF8B7A15EFF4DC0081D3C7 /* Release */ = {
			isa = XCBuildConfiguration;
			buildSettings = {
				ALWAYS_SEARCH_USER_PATHS = NO;
				ARCHS = "$(ARCHS_STANDARD_32_BIT)";
				CLANG_CXX_LANGUAGE_STANDARD = "gnu++0x";
				CLANG_ENABLE_OBJC_ARC = YES;
				CLANG_WARN__DUPLICATE_METHOD_MATCH = YES;
				CODE_SIGN_IDENTITY = "";
				"CODE_SIGN_IDENTITY[sdk=iphoneos*]" = "";
				COPY_PHASE_STRIP = YES;
				GCC_C_LANGUAGE_STANDARD = gnu99;
				GCC_VERSION = com.apple.compilers.llvm.clang.1_0;
				GCC_WARN_ABOUT_RETURN_TYPE = YES;
				GCC_WARN_UNINITIALIZED_AUTOS = YES;
				GCC_WARN_UNUSED_VARIABLE = YES;
				IPHONEOS_DEPLOYMENT_TARGET = 5.1;
				OTHER_CFLAGS = "-DNS_BLOCK_ASSERTIONS=1";
				SDKROOT = iphoneos;
				TARGETED_DEVICE_FAMILY = "1,2";
				VALIDATE_PRODUCT = YES;
			};
			name = Release;
		};
		FABF8B7C15EFF4DC0081D3C7 /* Debug */ = {
			isa = XCBuildConfiguration;
			buildSettings = {
				GCC_PRECOMPILE_PREFIX_HEADER = YES;
				GCC_PREFIX_HEADER = "HelloWorld/HelloWorld-Prefix.pch";
				INFOPLIST_FILE = "HelloWorld/HelloWorld-Info.plist";
				OTHER_CPLUSPLUSFLAGS = "";
				PRODUCT_NAME = "$(TARGET_NAME)";
				WRAPPER_EXTENSION = app;
			};
			name = Debug;
		};
		FABF8B7D15EFF4DC0081D3C7 /* Release */ = {
			isa = XCBuildConfiguration;
			buildSettings = {
				GCC_PRECOMPILE_PREFIX_HEADER = YES;
				GCC_PREFIX_HEADER = "HelloWorld/HelloWorld-Prefix.pch";
				INFOPLIST_FILE = "HelloWorld/HelloWorld-Info.plist";
				OTHER_CFLAGS = "-DNS_BLOCK_ASSERTIONS=1";
				OTHER_CPLUSPLUSFLAGS = "$(OTHER_CFLAGS)";
				PRODUCT_NAME = "$(TARGET_NAME)";
				WRAPPER_EXTENSION = app;
			};
			name = Release;
		};
		FABF8B9415EFF5090081D3C7 /* Debug */ = {
			isa = XCBuildConfiguration;
			buildSettings = {
				BUNDLE_LOADER = "$(BUILT_PRODUCTS_DIR)/HelloWorld.app/HelloWorld";
				FRAMEWORK_SEARCH_PATHS = (
					"$(SDKROOT)/Developer/Library/Frameworks",
					"$(DEVELOPER_LIBRARY_DIR)/Frameworks",
					"\"$(SRCROOT)/HelloWorldTest/Frameworks\"",
				);
				GCC_PRECOMPILE_PREFIX_HEADER = YES;
				GCC_PREFIX_HEADER = "HelloWorldTest/HelloWorldTest-Prefix.pch";
				INFOPLIST_FILE = "HelloWorldTest/HelloWorldTest-Info.plist";
				OTHER_CPLUSPLUSFLAGS = "";
				OTHER_LDFLAGS = (
					"-ObjC",
					"-all_load",
					"-lstdc++",
				);
				PRODUCT_NAME = "$(TARGET_NAME)";
				TEST_HOST = "$(BUNDLE_LOADER)";
				WRAPPER_EXTENSION = octest;
			};
			name = Debug;
		};
		FABF8B9515EFF5090081D3C7 /* Release */ = {
			isa = XCBuildConfiguration;
			buildSettings = {
				BUNDLE_LOADER = "$(BUILT_PRODUCTS_DIR)/HelloWorld.app/HelloWorld";
				FRAMEWORK_SEARCH_PATHS = (
					"$(SDKROOT)/Developer/Library/Frameworks",
					"$(DEVELOPER_LIBRARY_DIR)/Frameworks",
					"\"$(SRCROOT)/HelloWorldTest/Frameworks\"",
				);
				GCC_PRECOMPILE_PREFIX_HEADER = YES;
				GCC_PREFIX_HEADER = "HelloWorldTest/HelloWorldTest-Prefix.pch";
				INFOPLIST_FILE = "HelloWorldTest/HelloWorldTest-Info.plist";
				OTHER_LDFLAGS = (
					"-ObjC",
					"-all_load",
					"-lstdc++",
				);
				PRODUCT_NAME = "$(TARGET_NAME)";
				TEST_HOST = "$(BUNDLE_LOADER)";
				WRAPPER_EXTENSION = octest;
			};
			name = Release;
		};
		FACDBA66160411F600C49268 /* Debug */ = {
			isa = XCBuildConfiguration;
			buildSettings = {
				GCC_PRECOMPILE_PREFIX_HEADER = YES;
				GCC_PREFIX_HEADER = "HelloWorld/HelloWorld-Prefix.pch";
				INFOPLIST_FILE = "$(SRCROOT)/HelloWorld_Frankified/HelloWorld_Frankified-Info.plist";
				IPHONEOS_DEPLOYMENT_TARGET = 5.1;
				OTHER_CPLUSPLUSFLAGS = "";
				PRODUCT_NAME = HelloWorld_Frankified;
				WRAPPER_EXTENSION = app;
			};
			name = Debug;
		};
		FACDBA67160411F600C49268 /* Release */ = {
			isa = XCBuildConfiguration;
			buildSettings = {
				GCC_PRECOMPILE_PREFIX_HEADER = YES;
				GCC_PREFIX_HEADER = "HelloWorld/HelloWorld-Prefix.pch";
				INFOPLIST_FILE = "$(SRCROOT)/HelloWorld_Frankified/HelloWorld_Frankified-Info.plist";
				IPHONEOS_DEPLOYMENT_TARGET = 5.1;
				OTHER_CFLAGS = "-DNS_BLOCK_ASSERTIONS=1";
				OTHER_CPLUSPLUSFLAGS = "$(OTHER_CFLAGS)";
				PRODUCT_NAME = HelloWorld_Frankified;
				WRAPPER_EXTENSION = app;
			};
			name = Release;
		};
		FAE91FA115EFF705004F15B1 /* Debug */ = {
			isa = XCBuildConfiguration;
			buildSettings = {
				CODE_SIGN_IDENTITY = "iPhone Developer: Alexey Ledovskiy (964KR8767T)";
				"CODE_SIGN_IDENTITY[sdk=iphoneos*]" = "iPhone Developer";
				FRAMEWORK_SEARCH_PATHS = (
					"$(inherited)",
					"\"$(SRCROOT)/HelloWorldSpec/Frameworks\"",
				);
				GCC_GENERATE_TEST_COVERAGE_FILES = YES;
				GCC_INSTRUMENT_PROGRAM_FLOW_ARCS = YES;
				GCC_PRECOMPILE_PREFIX_HEADER = YES;
				GCC_PREFIX_HEADER = "HelloWorldSpec/HelloWorldSpec-Prefix.pch";
				INFOPLIST_FILE = "HelloWorldSpec/HelloWorldSpec-Info.plist";
				OTHER_CFLAGS = "-fno-objc-arc";
				OTHER_CPLUSPLUSFLAGS = "-fno-objc-arc";
				OTHER_LDFLAGS = (
					"-ObjC",
					"-all_load",
					"-lstdc++",
				);
				PRODUCT_NAME = "$(TARGET_NAME)";
				PROVISIONING_PROFILE = "0CD8D3F4-E236-41B9-AD68-8DBD7FBD658F";
				WRAPPER_EXTENSION = app;
			};
			name = Debug;
		};
		FAE91FA215EFF705004F15B1 /* Release */ = {
			isa = XCBuildConfiguration;
			buildSettings = {
				CODE_SIGN_IDENTITY = "iPhone Developer: Alexey Ledovskiy (964KR8767T)";
				"CODE_SIGN_IDENTITY[sdk=iphoneos*]" = "iPhone Developer";
				FRAMEWORK_SEARCH_PATHS = (
					"$(inherited)",
					"\"$(SRCROOT)/HelloWorldSpec/Frameworks\"",
				);
				GCC_GENERATE_TEST_COVERAGE_FILES = YES;
				GCC_INSTRUMENT_PROGRAM_FLOW_ARCS = YES;
				GCC_PRECOMPILE_PREFIX_HEADER = YES;
				GCC_PREFIX_HEADER = "HelloWorldSpec/HelloWorldSpec-Prefix.pch";
				INFOPLIST_FILE = "HelloWorldSpec/HelloWorldSpec-Info.plist";
				OTHER_CFLAGS = (
					"-DNS_BLOCK_ASSERTIONS=1",
					"-fno-objc-arc",
				);
				OTHER_CPLUSPLUSFLAGS = "-fno-objc-arc";
				OTHER_LDFLAGS = (
					"-ObjC",
					"-all_load",
					"-lstdc++",
				);
				PRODUCT_NAME = "$(TARGET_NAME)";
				PROVISIONING_PROFILE = "0CD8D3F4-E236-41B9-AD68-8DBD7FBD658F";
				WRAPPER_EXTENSION = app;
			};
			name = Release;
		};
/* End XCBuildConfiguration section */

/* Begin XCConfigurationList section */
		FABF8B5415EFF4DC0081D3C7 /* Build configuration list for PBXProject "HelloWorld" */ = {
			isa = XCConfigurationList;
			buildConfigurations = (
				FABF8B7915EFF4DC0081D3C7 /* Debug */,
				FABF8B7A15EFF4DC0081D3C7 /* Release */,
			);
			defaultConfigurationIsVisible = 0;
			defaultConfigurationName = Release;
		};
		FABF8B7B15EFF4DC0081D3C7 /* Build configuration list for PBXNativeTarget "HelloWorld" */ = {
			isa = XCConfigurationList;
			buildConfigurations = (
				FABF8B7C15EFF4DC0081D3C7 /* Debug */,
				FABF8B7D15EFF4DC0081D3C7 /* Release */,
			);
			defaultConfigurationIsVisible = 0;
			defaultConfigurationName = Release;
		};
		FABF8B9315EFF5090081D3C7 /* Build configuration list for PBXNativeTarget "HelloWorldTest" */ = {
			isa = XCConfigurationList;
			buildConfigurations = (
				FABF8B9415EFF5090081D3C7 /* Debug */,
				FABF8B9515EFF5090081D3C7 /* Release */,
			);
			defaultConfigurationIsVisible = 0;
			defaultConfigurationName = Release;
		};
		FACDBA65160411F600C49268 /* Build configuration list for PBXNativeTarget "HelloWorld_Frankified" */ = {
			isa = XCConfigurationList;
			buildConfigurations = (
				FACDBA66160411F600C49268 /* Debug */,
				FACDBA67160411F600C49268 /* Release */,
			);
			defaultConfigurationIsVisible = 0;
			defaultConfigurationName = Release;
		};
		FAE91FA315EFF705004F15B1 /* Build configuration list for PBXNativeTarget "HelloWorldSpec" */ = {
			isa = XCConfigurationList;
			buildConfigurations = (
				FAE91FA115EFF705004F15B1 /* Debug */,
				FAE91FA215EFF705004F15B1 /* Release */,
			);
			defaultConfigurationIsVisible = 0;
			defaultConfigurationName = Release;
		};
/* End XCConfigurationList section */

/* Begin XCVersionGroup section */
		FAF3F9DA1603EE2400193449 /* HelloWorld_Frankified.xcdatamodeld */ = {
			isa = XCVersionGroup;
			children = (
				FAF3F9DB1603EE2400193449 /* HelloWorld_Frankified.xcdatamodel */,
			);
			currentVersion = FAF3F9DB1603EE2400193449 /* HelloWorld_Frankified.xcdatamodel */;
			path = HelloWorld_Frankified.xcdatamodeld;
			sourceTree = "<group>";
			versionGroupType = wrapper.xcdatamodel;
		};
/* End XCVersionGroup section */
	};
	rootObject = FABF8B5115EFF4DC0081D3C7 /* Project object */;
}
